
Microsoft Visual Studio Solution File, Format Version 12.00
# Visual Studio Version 17
VisualStudioVersion = 17.12.35527.113
MinimumVisualStudioVersion = 10.0.40219.1
Project("{FAE04EC0-301F-11D3-BF4B-00C04F79EFBC}") = "Ur2", "Ur2\Ur2.csproj", "{AB5F54D0-A5F2-46D7-92FD-2909B3229F61}"
EndProject
Project("{FAE04EC0-301F-11D3-BF4B-00C04F79EFBC}") = "Ur5", "Ur5\Ur5.csproj", "{53A418F0-EBC5-481F-9CB1-0B26CAA4B526}"
EndProject
Project("{FAE04EC0-301F-11D3-BF4B-00C04F79EFBC}") = "Ur6", "Ur6\Ur6.csproj", "{0F8D0969-6861-4033-AE4B-3C0F12775CF1}"
EndProject
Global
	GlobalSection(SolutionConfigurationPlatforms) = preSolution
		Debug|Any CPU = Debug|Any CPU
		Release|Any CPU = Release|Any CPU
	EndGlobalSection
	GlobalSection(ProjectConfigurationPlatforms) = postSolution
		{AB5F54D0-A5F2-46D7-92FD-2909B3229F61}.Debug|Any CPU.ActiveCfg = Debug|Any CPU
		{AB5F54D0-A5F2-46D7-92FD-2909B3229F61}.Debug|Any CPU.Build.0 = Debug|Any CPU
		{AB5F54D0-A5F2-46D7-92FD-2909B3229F61}.Release|Any CPU.ActiveCfg = Release|Any CPU
		{AB5F54D0-A5F2-46D7-92FD-2909B3229F61}.Release|Any CPU.Build.0 = Release|Any CPU
		{53A418F0-EBC5-481F-9CB1-0B26CAA4B526}.Debug|Any CPU.ActiveCfg = Debug|Any CPU
		{53A418F0-EBC5-481F-9CB1-0B26CAA4B526}.Debug|Any CPU.Build.0 = Debug|Any CPU
		{53A418F0-EBC5-481F-9CB1-0B26CAA4B526}.Release|Any CPU.ActiveCfg = Release|Any CPU
		{53A418F0-EBC5-481F-9CB1-0B26CAA4B526}.Release|Any CPU.Build.0 = Release|Any CPU
		{0F8D0969-6861-4033-AE4B-3C0F12775CF1}.Debug|Any CPU.ActiveCfg = Debug|Any CPU
		{0F8D0969-6861-4033-AE4B-3C0F12775CF1}.Debug|Any CPU.Build.0 = Debug|Any CPU
		{0F8D0969-6861-4033-AE4B-3C0F12775CF1}.Release|Any CPU.ActiveCfg = Release|Any CPU
		{0F8D0969-6861-4033-AE4B-3C0F12775CF1}.Release|Any CPU.Build.0 = Release|Any CPU
	EndGlobalSection
	GlobalSection(SolutionProperties) = preSolution
		HideSolutionNode = FALSE
	EndGlobalSection
EndGlobal
